# This file was autogenerated by Stack.
# You should not edit this file by hand.
# For more information, please see the documentation at:
#   https://docs.haskellstack.org/en/stable/lock_files

packages:
- completed:
    hackage: base58-bytestring-0.1.0@sha256:a1da72ee89d5450bac1c792d9fcbe95ed7154ab7246f2172b57bd4fd9b5eab79,1913
    pantry-tree:
      sha256: 053784f8edef6433518c873a7c502dc75348f812e2384e1306f90467ea54f40b
      size: 419
  original:
    hackage: base58-bytestring-0.1.0
- completed:
    hackage: sandi-0.5@sha256:b278d072ca717706ea38f9bd646e023f7f2576a778fb43565b434f93638849aa,3010
    pantry-tree:
      sha256: 5ca7ce4bc22ab9d4427bb149b5e283ab9db43375df14f7131fdfd48775f36350
      size: 3455
  original:
    hackage: sandi-0.5
- completed:
    commit: 1b769a2acb73e3e7841a5846bc0bc98c24b41756
    git: https://github.com/umgefahren/hs-multihash.git
    name: hs-multihash
    pantry-tree:
      sha256: f3f0bd51a4a0c365c500413ad80a618b14e579a404ee09b56b3c04d4227eb1a4
      size: 762
    version: 0.2.1
  original:
    commit: 1b769a2acb73e3e7841a5846bc0bc98c24b41756
    git: https://github.com/umgefahren/hs-multihash.git
snapshots:
- completed:
    sha256: 7d4b649cf368f9076d8aa049aa44efe58950971d105892734e9957b2a26a2186
    size: 640060
    url: https://raw.githubusercontent.com/commercialhaskell/stackage-snapshots/master/lts/21/21.yaml
  original: lts-21.21
